
Microsoft Visual Studio Solution File, Format Version 12.00
# Visual Studio 14
VisualStudioVersion = 14.0.25420.1
MinimumVisualStudioVersion = 10.0.40219.1
Project("{FAE04EC0-301F-11D3-BF4B-00C04F79EFBC}") = "AzureTest", "AzureTest\AzureTest.csproj", "{CA968807-4398-4AA5-BE28-EFB8CF6D4077}"
EndProject
Project("{FAE04EC0-301F-11D3-BF4B-00C04F79EFBC}") = "AzureTest.Tests", "AzureTest.Tests\AzureTest.Tests.csproj", "{DA3E59FC-AAFC-4ACC-86F2-1D8DB7CCCD54}"
EndProject
Project("{00D1A9C2-B5F0-4AF3-8072-F6C62B433612}") = "azuredb", "..\azuredb\azuredb.sqlproj", "{4C7E836C-45B3-4D19-86F8-036F1E63260C}"
EndProject
Global
	GlobalSection(SolutionConfigurationPlatforms) = preSolution
		Debug|Any CPU = Debug|Any CPU
		Release|Any CPU = Release|Any CPU
	EndGlobalSection
	GlobalSection(ProjectConfigurationPlatforms) = postSolution
		{CA968807-4398-4AA5-BE28-EFB8CF6D4077}.Debug|Any CPU.ActiveCfg = Debug|Any CPU
		{CA968807-4398-4AA5-BE28-EFB8CF6D4077}.Debug|Any CPU.Build.0 = Debug|Any CPU
		{CA968807-4398-4AA5-BE28-EFB8CF6D4077}.Release|Any CPU.ActiveCfg = Release|Any CPU
		{CA968807-4398-4AA5-BE28-EFB8CF6D4077}.Release|Any CPU.Build.0 = Release|Any CPU
		{DA3E59FC-AAFC-4ACC-86F2-1D8DB7CCCD54}.Debug|Any CPU.ActiveCfg = Debug|Any CPU
		{DA3E59FC-AAFC-4ACC-86F2-1D8DB7CCCD54}.Debug|Any CPU.Build.0 = Debug|Any CPU
		{DA3E59FC-AAFC-4ACC-86F2-1D8DB7CCCD54}.Release|Any CPU.ActiveCfg = Release|Any CPU
		{DA3E59FC-AAFC-4ACC-86F2-1D8DB7CCCD54}.Release|Any CPU.Build.0 = Release|Any CPU
		{4C7E836C-45B3-4D19-86F8-036F1E63260C}.Debug|Any CPU.ActiveCfg = Debug|Any CPU
		{4C7E836C-45B3-4D19-86F8-036F1E63260C}.Debug|Any CPU.Build.0 = Debug|Any CPU
		{4C7E836C-45B3-4D19-86F8-036F1E63260C}.Debug|Any CPU.Deploy.0 = Debug|Any CPU
		{4C7E836C-45B3-4D19-86F8-036F1E63260C}.Release|Any CPU.ActiveCfg = Release|Any CPU
		{4C7E836C-45B3-4D19-86F8-036F1E63260C}.Release|Any CPU.Build.0 = Release|Any CPU
		{4C7E836C-45B3-4D19-86F8-036F1E63260C}.Release|Any CPU.Deploy.0 = Release|Any CPU
	EndGlobalSection
	GlobalSection(SolutionProperties) = preSolution
		HideSolutionNode = FALSE
	EndGlobalSection
EndGlobal
